
Microsoft Visual Studio Solution File, Format Version 12.00
# Visual Studio Version 16
VisualStudioVersion = 16.0.31624.102
MinimumVisualStudioVersion = 10.0.40219.1
Project("{FAE04EC0-301F-11D3-BF4B-00C04F79EFBC}") = "Stressers", "Stressers\Stressers.csproj", "{5DA3BAA9-CF3B-4151-85E5-1D5A2F0397B5}"
EndProject
Project("{FAE04EC0-301F-11D3-BF4B-00C04F79EFBC}") = "Tests", "Tests\Tests.csproj", "{9371718A-3833-46D4-BE9F-05C2584C35FE}"
EndProject
Global
	GlobalSection(SolutionConfigurationPlatforms) = preSolution
		Debug|Any CPU = Debug|Any CPU
		Debug|x64 = Debug|x64
		Release|Any CPU = Release|Any CPU
		Release|x64 = Release|x64
	EndGlobalSection
	GlobalSection(ProjectConfigurationPlatforms) = postSolution
		{5DA3BAA9-CF3B-4151-85E5-1D5A2F0397B5}.Debug|Any CPU.ActiveCfg = Debug|Any CPU
		{5DA3BAA9-CF3B-4151-85E5-1D5A2F0397B5}.Debug|Any CPU.Build.0 = Debug|Any CPU
		{5DA3BAA9-CF3B-4151-85E5-1D5A2F0397B5}.Debug|x64.ActiveCfg = Debug|x64
		{5DA3BAA9-CF3B-4151-85E5-1D5A2F0397B5}.Debug|x64.Build.0 = Debug|x64
		{5DA3BAA9-CF3B-4151-85E5-1D5A2F0397B5}.Release|Any CPU.ActiveCfg = Release|Any CPU
		{5DA3BAA9-CF3B-4151-85E5-1D5A2F0397B5}.Release|Any CPU.Build.0 = Release|Any CPU
		{5DA3BAA9-CF3B-4151-85E5-1D5A2F0397B5}.Release|x64.ActiveCfg = Release|x64
		{5DA3BAA9-CF3B-4151-85E5-1D5A2F0397B5}.Release|x64.Build.0 = Release|x64
		{9371718A-3833-46D4-BE9F-05C2584C35FE}.Debug|Any CPU.ActiveCfg = Debug|Any CPU
		{9371718A-3833-46D4-BE9F-05C2584C35FE}.Debug|Any CPU.Build.0 = Debug|Any CPU
		{9371718A-3833-46D4-BE9F-05C2584C35FE}.Debug|x64.ActiveCfg = Debug|x64
		{9371718A-3833-46D4-BE9F-05C2584C35FE}.Debug|x64.Build.0 = Debug|x64
		{9371718A-3833-46D4-BE9F-05C2584C35FE}.Release|Any CPU.ActiveCfg = Release|Any CPU
		{9371718A-3833-46D4-BE9F-05C2584C35FE}.Release|Any CPU.Build.0 = Release|Any CPU
		{9371718A-3833-46D4-BE9F-05C2584C35FE}.Release|x64.ActiveCfg = Release|x64
		{9371718A-3833-46D4-BE9F-05C2584C35FE}.Release|x64.Build.0 = Release|x64
	EndGlobalSection
	GlobalSection(SolutionProperties) = preSolution
		HideSolutionNode = FALSE
	EndGlobalSection
	GlobalSection(ExtensibilityGlobals) = postSolution
		SolutionGuid = {4C58386E-8D2F-48C1-AB8F-8B2015D6EF0F}
	EndGlobalSection
EndGlobal
